
Microsoft Visual Studio Solution File, Format Version 12.00
# Visual Studio Version 17
VisualStudioVersion = 17.9.34622.214
MinimumVisualStudioVersion = 10.0.40219.1
Project("{9A19103F-16F7-4668-BE54-9A1E7A4F7556}") = "PerformanceDemo", "PerformanceDemo.csproj", "{A8E7E597-2373-4560-81FF-E49D42586E98}"
EndProject
Global
	GlobalSection(SolutionConfigurationPlatforms) = preSolution
		Debug|Any CPU = Debug|Any CPU
		Release|Any CPU = Release|Any CPU
	EndGlobalSection
	GlobalSection(ProjectConfigurationPlatforms) = postSolution
		{A8E7E597-2373-4560-81FF-E49D42586E98}.Debug|Any CPU.ActiveCfg = Debug|Any CPU
		{A8E7E597-2373-4560-81FF-E49D42586E98}.Debug|Any CPU.Build.0 = Debug|Any CPU
		{A8E7E597-2373-4560-81FF-E49D42586E98}.Release|Any CPU.ActiveCfg = Release|Any CPU
		{A8E7E597-2373-4560-81FF-E49D42586E98}.Release|Any CPU.Build.0 = Release|Any CPU
	EndGlobalSection
	GlobalSection(SolutionProperties) = preSolution
		HideSolutionNode = FALSE
	EndGlobalSection
	GlobalSection(ExtensibilityGlobals) = postSolution
		SolutionGuid = {C4D7F8C4-C414-4726-9416-63F2548150EA}
	EndGlobalSection
EndGlobal
